
Microsoft Visual Studio Solution File, Format Version 12.00
# Visual Studio Version 16
VisualStudioVersion = 16.0.31624.102
MinimumVisualStudioVersion = 10.0.40219.1
Project("{9A19103F-16F7-4668-BE54-9A1E7A4F7556}") = "DataAccess", "DataAccess\DataAccess.csproj", "{88D560C9-BED5-41DF-8C3F-AC8395BE6B86}"
EndProject
Project("{9A19103F-16F7-4668-BE54-9A1E7A4F7556}") = "Business", "Business\Business.csproj", "{EB46ACE7-B729-4F3B-A2F5-53DCDA57B14F}"
EndProject
Project("{9A19103F-16F7-4668-BE54-9A1E7A4F7556}") = "Entities", "Entities\Entities.csproj", "{92C3B870-90FF-4DD7-86BE-39139D4A94B8}"
EndProject
Project("{9A19103F-16F7-4668-BE54-9A1E7A4F7556}") = "ConsoleUI", "ConsoleUI\ConsoleUI.csproj", "{DBD717DC-183C-481C-8CD8-4AE8A8C36443}"
EndProject
Project("{9A19103F-16F7-4668-BE54-9A1E7A4F7556}") = "Core", "Core\Core.csproj", "{788DF5ED-CF11-47C9-BEB3-A980A9A37593}"
EndProject
Project("{FAE04EC0-301F-11D3-BF4B-00C04F79EFBC}") = "WepAPI", "WepAPI\WepAPI.csproj", "{851BC9BF-1520-4CA2-A7FC-FD0BEE8ECDB1}"
EndProject
Global
	GlobalSection(SolutionConfigurationPlatforms) = preSolution
		Debug|Any CPU = Debug|Any CPU
		Release|Any CPU = Release|Any CPU
	EndGlobalSection
	GlobalSection(ProjectConfigurationPlatforms) = postSolution
		{88D560C9-BED5-41DF-8C3F-AC8395BE6B86}.Debug|Any CPU.ActiveCfg = Debug|Any CPU
		{88D560C9-BED5-41DF-8C3F-AC8395BE6B86}.Debug|Any CPU.Build.0 = Debug|Any CPU
		{88D560C9-BED5-41DF-8C3F-AC8395BE6B86}.Release|Any CPU.ActiveCfg = Release|Any CPU
		{88D560C9-BED5-41DF-8C3F-AC8395BE6B86}.Release|Any CPU.Build.0 = Release|Any CPU
		{EB46ACE7-B729-4F3B-A2F5-53DCDA57B14F}.Debug|Any CPU.ActiveCfg = Debug|Any CPU
		{EB46ACE7-B729-4F3B-A2F5-53DCDA57B14F}.Debug|Any CPU.Build.0 = Debug|Any CPU
		{EB46ACE7-B729-4F3B-A2F5-53DCDA57B14F}.Release|Any CPU.ActiveCfg = Release|Any CPU
		{EB46ACE7-B729-4F3B-A2F5-53DCDA57B14F}.Release|Any CPU.Build.0 = Release|Any CPU
		{92C3B870-90FF-4DD7-86BE-39139D4A94B8}.Debug|Any CPU.ActiveCfg = Debug|Any CPU
		{92C3B870-90FF-4DD7-86BE-39139D4A94B8}.Debug|Any CPU.Build.0 = Debug|Any CPU
		{92C3B870-90FF-4DD7-86BE-39139D4A94B8}.Release|Any CPU.ActiveCfg = Release|Any CPU
		{92C3B870-90FF-4DD7-86BE-39139D4A94B8}.Release|Any CPU.Build.0 = Release|Any CPU
		{DBD717DC-183C-481C-8CD8-4AE8A8C36443}.Debug|Any CPU.ActiveCfg = Debug|Any CPU
		{DBD717DC-183C-481C-8CD8-4AE8A8C36443}.Debug|Any CPU.Build.0 = Debug|Any CPU
		{DBD717DC-183C-481C-8CD8-4AE8A8C36443}.Release|Any CPU.ActiveCfg = Release|Any CPU
		{DBD717DC-183C-481C-8CD8-4AE8A8C36443}.Release|Any CPU.Build.0 = Release|Any CPU
		{788DF5ED-CF11-47C9-BEB3-A980A9A37593}.Debug|Any CPU.ActiveCfg = Debug|Any CPU
		{788DF5ED-CF11-47C9-BEB3-A980A9A37593}.Debug|Any CPU.Build.0 = Debug|Any CPU
		{788DF5ED-CF11-47C9-BEB3-A980A9A37593}.Release|Any CPU.ActiveCfg = Release|Any CPU
		{788DF5ED-CF11-47C9-BEB3-A980A9A37593}.Release|Any CPU.Build.0 = Release|Any CPU
		{851BC9BF-1520-4CA2-A7FC-FD0BEE8ECDB1}.Debug|Any CPU.ActiveCfg = Debug|Any CPU
		{851BC9BF-1520-4CA2-A7FC-FD0BEE8ECDB1}.Debug|Any CPU.Build.0 = Debug|Any CPU
		{851BC9BF-1520-4CA2-A7FC-FD0BEE8ECDB1}.Release|Any CPU.ActiveCfg = Release|Any CPU
		{851BC9BF-1520-4CA2-A7FC-FD0BEE8ECDB1}.Release|Any CPU.Build.0 = Release|Any CPU
	EndGlobalSection
	GlobalSection(SolutionProperties) = preSolution
		HideSolutionNode = FALSE
	EndGlobalSection
	GlobalSection(ExtensibilityGlobals) = postSolution
		SolutionGuid = {C009EF35-B26C-4F8C-9692-CF8096FD8A45}
	EndGlobalSection
EndGlobal
